// !$*UTF8*$!
{
	archiveVersion = 1;
	classes = {
	};
	objectVersion = 56;
	objects = {

/* Begin PBXBuildFile section */
		BADA93592C8872190091EA91 /* MockURLProtocol.swift in Sources */ = {isa = PBXBuildFile; fileRef = BADA93582C8872190091EA91 /* MockURLProtocol.swift */; };
		BADA935B2C88795C0091EA91 /* URLSession+Mocked.swift in Sources */ = {isa = PBXBuildFile; fileRef = BADA935A2C88795C0091EA91 /* URLSession+Mocked.swift */; };
		BADA935D2C8884C00091EA91 /* XCTestCase+AssertAsyncError.swift in Sources */ = {isa = PBXBuildFile; fileRef = BADA935C2C8884C00091EA91 /* XCTestCase+AssertAsyncError.swift */; };
		BADA93602C889C7D0091EA91 /* URLResponse+Validation.swift in Sources */ = {isa = PBXBuildFile; fileRef = BADA935F2C889C7D0091EA91 /* URLResponse+Validation.swift */; };
		BADA93632C88A2940091EA91 /* ProductDTO.swift in Sources */ = {isa = PBXBuildFile; fileRef = BADA93622C88A2940091EA91 /* ProductDTO.swift */; };
		BADA93652C88A7DD0091EA91 /* ProductsServiceDTOParser.swift in Sources */ = {isa = PBXBuildFile; fileRef = BADA93642C88A7DD0091EA91 /* ProductsServiceDTOParser.swift */; };
		BADA93682C88A8110091EA91 /* Product.swift in Sources */ = {isa = PBXBuildFile; fileRef = BADA93672C88A8110091EA91 /* Product.swift */; };
		BADA936A2C88A8D70091EA91 /* ProductsServiceDTOParserUnitTests.swift in Sources */ = {isa = PBXBuildFile; fileRef = BADA93692C88A8D70091EA91 /* ProductsServiceDTOParserUnitTests.swift */; };
		BADA936D2C88BB0A0091EA91 /* ProductsListViewModel.swift in Sources */ = {isa = PBXBuildFile; fileRef = BADA936C2C88BB0A0091EA91 /* ProductsListViewModel.swift */; };
		BADA93702C88C4560091EA91 /* ProductsListViewModelUnitTests.swift in Sources */ = {isa = PBXBuildFile; fileRef = BADA936F2C88C4560091EA91 /* ProductsListViewModelUnitTests.swift */; };
		BADA93742C88D2040091EA91 /* ProductsServiceProtocol.swift in Sources */ = {isa = PBXBuildFile; fileRef = BADA93732C88D2040091EA91 /* ProductsServiceProtocol.swift */; };
		BADA93772C88D3FF0091EA91 /* MockProductsService.swift in Sources */ = {isa = PBXBuildFile; fileRef = BADA93762C88D3FF0091EA91 /* MockProductsService.swift */; };
		BADA937B2C88EA510091EA91 /* ProductPresentationUnitTests.swift in Sources */ = {isa = PBXBuildFile; fileRef = BADA937A2C88EA510091EA91 /* ProductPresentationUnitTests.swift */; };
		BADA937D2C88EF660091EA91 /* PublisherValueCollector.swift in Sources */ = {isa = PBXBuildFile; fileRef = BADA937C2C88EF660091EA91 /* PublisherValueCollector.swift */; };
		BADA93802C88F0E00091EA91 /* ProductsListView.swift in Sources */ = {isa = PBXBuildFile; fileRef = BADA937F2C88F0E00091EA91 /* ProductsListView.swift */; };
		BAFB47052C88441A007B2DAE /* Merch8x8App.swift in Sources */ = {isa = PBXBuildFile; fileRef = BAFB47042C88441A007B2DAE /* Merch8x8App.swift */; };
		BAFB47072C88441A007B2DAE /* ContentView.swift in Sources */ = {isa = PBXBuildFile; fileRef = BAFB47062C88441A007B2DAE /* ContentView.swift */; };
		BAFB47092C88441C007B2DAE /* Assets.xcassets in Resources */ = {isa = PBXBuildFile; fileRef = BAFB47082C88441C007B2DAE /* Assets.xcassets */; };
		BAFB470C2C88441C007B2DAE /* Preview Assets.xcassets in Resources */ = {isa = PBXBuildFile; fileRef = BAFB470B2C88441C007B2DAE /* Preview Assets.xcassets */; };
		BAFB47142C884B1F007B2DAE /* ProductsService.swift in Sources */ = {isa = PBXBuildFile; fileRef = BAFB47132C884B1F007B2DAE /* ProductsService.swift */; };
		BAFB47162C884EA4007B2DAE /* ProductsServiceError.swift in Sources */ = {isa = PBXBuildFile; fileRef = BAFB47152C884EA4007B2DAE /* ProductsServiceError.swift */; };
		BAFB471F2C884F35007B2DAE /* ProductsServiceUnitTests.swift in Sources */ = {isa = PBXBuildFile; fileRef = BAFB471E2C884F35007B2DAE /* ProductsServiceUnitTests.swift */; };
		BAFB47292C88518B007B2DAE /* XCTestCase+AssertError.swift in Sources */ = {isa = PBXBuildFile; fileRef = BAFB47282C88518B007B2DAE /* XCTestCase+AssertError.swift */; };
		BAFB472B2C885CC0007B2DAE /* Merch8x8UnitTests.xctestplan in Resources */ = {isa = PBXBuildFile; fileRef = BAFB472A2C885CC0007B2DAE /* Merch8x8UnitTests.xctestplan */; };
/* End PBXBuildFile section */

/* Begin PBXContainerItemProxy section */
		BAFB47202C884F35007B2DAE /* PBXContainerItemProxy */ = {
			isa = PBXContainerItemProxy;
			containerPortal = BAFB46F92C88441A007B2DAE /* Project object */;
			proxyType = 1;
			remoteGlobalIDString = BAFB47002C88441A007B2DAE;
			remoteInfo = Merch8x8;
		};
/* End PBXContainerItemProxy section */

/* Begin PBXFileReference section */
		BADA93582C8872190091EA91 /* MockURLProtocol.swift */ = {isa = PBXFileReference; lastKnownFileType = sourcecode.swift; path = MockURLProtocol.swift; sourceTree = "<group>"; };
		BADA935A2C88795C0091EA91 /* URLSession+Mocked.swift */ = {isa = PBXFileReference; lastKnownFileType = sourcecode.swift; path = "URLSession+Mocked.swift"; sourceTree = "<group>"; };
		BADA935C2C8884C00091EA91 /* XCTestCase+AssertAsyncError.swift */ = {isa = PBXFileReference; lastKnownFileType = sourcecode.swift; path = "XCTestCase+AssertAsyncError.swift"; sourceTree = "<group>"; };
		BADA935F2C889C7D0091EA91 /* URLResponse+Validation.swift */ = {isa = PBXFileReference; lastKnownFileType = sourcecode.swift; path = "URLResponse+Validation.swift"; sourceTree = "<group>"; };
		BADA93622C88A2940091EA91 /* ProductDTO.swift */ = {isa = PBXFileReference; lastKnownFileType = sourcecode.swift; path = ProductDTO.swift; sourceTree = "<group>"; };
		BADA93642C88A7DD0091EA91 /* ProductsServiceDTOParser.swift */ = {isa = PBXFileReference; lastKnownFileType = sourcecode.swift; path = ProductsServiceDTOParser.swift; sourceTree = "<group>"; };
		BADA93672C88A8110091EA91 /* Product.swift */ = {isa = PBXFileReference; lastKnownFileType = sourcecode.swift; path = Product.swift; sourceTree = "<group>"; };
		BADA93692C88A8D70091EA91 /* ProductsServiceDTOParserUnitTests.swift */ = {isa = PBXFileReference; lastKnownFileType = sourcecode.swift; path = ProductsServiceDTOParserUnitTests.swift; sourceTree = "<group>"; };
		BADA936C2C88BB0A0091EA91 /* ProductsListViewModel.swift */ = {isa = PBXFileReference; lastKnownFileType = sourcecode.swift; path = ProductsListViewModel.swift; sourceTree = "<group>"; };
		BADA936F2C88C4560091EA91 /* ProductsListViewModelUnitTests.swift */ = {isa = PBXFileReference; lastKnownFileType = sourcecode.swift; path = ProductsListViewModelUnitTests.swift; sourceTree = "<group>"; };
		BADA93732C88D2040091EA91 /* ProductsServiceProtocol.swift */ = {isa = PBXFileReference; lastKnownFileType = sourcecode.swift; path = ProductsServiceProtocol.swift; sourceTree = "<group>"; };
		BADA93762C88D3FF0091EA91 /* MockProductsService.swift */ = {isa = PBXFileReference; lastKnownFileType = sourcecode.swift; path = MockProductsService.swift; sourceTree = "<group>"; };
		BADA937A2C88EA510091EA91 /* ProductPresentationUnitTests.swift */ = {isa = PBXFileReference; lastKnownFileType = sourcecode.swift; path = ProductPresentationUnitTests.swift; sourceTree = "<group>"; };
		BADA937C2C88EF660091EA91 /* PublisherValueCollector.swift */ = {isa = PBXFileReference; lastKnownFileType = sourcecode.swift; path = PublisherValueCollector.swift; sourceTree = "<group>"; };
		BADA937F2C88F0E00091EA91 /* ProductsListView.swift */ = {isa = PBXFileReference; lastKnownFileType = sourcecode.swift; path = ProductsListView.swift; sourceTree = "<group>"; };
		BAFB47012C88441A007B2DAE /* Merch8x8.app */ = {isa = PBXFileReference; explicitFileType = wrapper.application; includeInIndex = 0; path = Merch8x8.app; sourceTree = BUILT_PRODUCTS_DIR; };
		BAFB47042C88441A007B2DAE /* Merch8x8App.swift */ = {isa = PBXFileReference; lastKnownFileType = sourcecode.swift; path = Merch8x8App.swift; sourceTree = "<group>"; };
		BAFB47062C88441A007B2DAE /* ContentView.swift */ = {isa = PBXFileReference; lastKnownFileType = sourcecode.swift; path = ContentView.swift; sourceTree = "<group>"; };
		BAFB47082C88441C007B2DAE /* Assets.xcassets */ = {isa = PBXFileReference; lastKnownFileType = folder.assetcatalog; path = Assets.xcassets; sourceTree = "<group>"; };
		BAFB470B2C88441C007B2DAE /* Preview Assets.xcassets */ = {isa = PBXFileReference; lastKnownFileType = folder.assetcatalog; path = "Preview Assets.xcassets"; sourceTree = "<group>"; };
		BAFB47132C884B1F007B2DAE /* ProductsService.swift */ = {isa = PBXFileReference; lastKnownFileType = sourcecode.swift; path = ProductsService.swift; sourceTree = "<group>"; };
		BAFB47152C884EA4007B2DAE /* ProductsServiceError.swift */ = {isa = PBXFileReference; lastKnownFileType = sourcecode.swift; path = ProductsServiceError.swift; sourceTree = "<group>"; };
		BAFB471C2C884F35007B2DAE /* Merch8x8UnitTests.xctest */ = {isa = PBXFileReference; explicitFileType = wrapper.cfbundle; includeInIndex = 0; path = Merch8x8UnitTests.xctest; sourceTree = BUILT_PRODUCTS_DIR; };
		BAFB471E2C884F35007B2DAE /* ProductsServiceUnitTests.swift */ = {isa = PBXFileReference; lastKnownFileType = sourcecode.swift; path = ProductsServiceUnitTests.swift; sourceTree = "<group>"; };
		BAFB47282C88518B007B2DAE /* XCTestCase+AssertError.swift */ = {isa = PBXFileReference; lastKnownFileType = sourcecode.swift; path = "XCTestCase+AssertError.swift"; sourceTree = "<group>"; };
		BAFB472A2C885CC0007B2DAE /* Merch8x8UnitTests.xctestplan */ = {isa = PBXFileReference; fileEncoding = 4; lastKnownFileType = text; path = Merch8x8UnitTests.xctestplan; sourceTree = "<group>"; };
/* End PBXFileReference section */

/* Begin PBXFrameworksBuildPhase section */
		BAFB46FE2C88441A007B2DAE /* Frameworks */ = {
			isa = PBXFrameworksBuildPhase;
			buildActionMask = 2147483647;
			files = (
			);
			runOnlyForDeploymentPostprocessing = 0;
		};
		BAFB47192C884F35007B2DAE /* Frameworks */ = {
			isa = PBXFrameworksBuildPhase;
			buildActionMask = 2147483647;
			files = (
			);
			runOnlyForDeploymentPostprocessing = 0;
		};
/* End PBXFrameworksBuildPhase section */

/* Begin PBXGroup section */
		BADA93572C88720B0091EA91 /* Mocks */ = {
			isa = PBXGroup;
			children = (
				BADA93582C8872190091EA91 /* MockURLProtocol.swift */,
				BADA935A2C88795C0091EA91 /* URLSession+Mocked.swift */,
				BADA93762C88D3FF0091EA91 /* MockProductsService.swift */,
			);
			path = Mocks;
			sourceTree = "<group>";
		};
		BADA935E2C889C000091EA91 /* Extensions */ = {
			isa = PBXGroup;
			children = (
				BADA935F2C889C7D0091EA91 /* URLResponse+Validation.swift */,
			);
			path = Extensions;
			sourceTree = "<group>";
		};
		BADA93612C88A2860091EA91 /* DTOs */ = {
			isa = PBXGroup;
			children = (
				BADA93622C88A2940091EA91 /* ProductDTO.swift */,
			);
			path = DTOs;
			sourceTree = "<group>";
		};
		BADA93662C88A8010091EA91 /* Models */ = {
			isa = PBXGroup;
			children = (
				BADA93672C88A8110091EA91 /* Product.swift */,
			);
			path = Models;
			sourceTree = "<group>";
		};
		BADA936B2C88BAE20091EA91 /* ViewModels */ = {
			isa = PBXGroup;
			children = (
				BADA936C2C88BB0A0091EA91 /* ProductsListViewModel.swift */,
			);
			path = ViewModels;
			sourceTree = "<group>";
		};
		BADA936E2C88C4360091EA91 /* ViewModels */ = {
			isa = PBXGroup;
			children = (
				BADA936F2C88C4560091EA91 /* ProductsListViewModelUnitTests.swift */,
				BADA937A2C88EA510091EA91 /* ProductPresentationUnitTests.swift */,
			);
			path = ViewModels;
			sourceTree = "<group>";
		};
		BADA937E2C88F0B80091EA91 /* Views */ = {
			isa = PBXGroup;
			children = (
				BAFB47062C88441A007B2DAE /* ContentView.swift */,
				BADA937F2C88F0E00091EA91 /* ProductsListView.swift */,
			);
			path = Views;
			sourceTree = "<group>";
		};
		BAFB46F82C88441A007B2DAE = {
			isa = PBXGroup;
			children = (
				BAFB47032C88441A007B2DAE /* Merch8x8 */,
				BAFB471D2C884F35007B2DAE /* Merch8x8UnitTests */,
				BAFB47022C88441A007B2DAE /* Products */,
			);
			sourceTree = "<group>";
		};
		BAFB47022C88441A007B2DAE /* Products */ = {
			isa = PBXGroup;
			children = (
				BAFB47012C88441A007B2DAE /* Merch8x8.app */,
				BAFB471C2C884F35007B2DAE /* Merch8x8UnitTests.xctest */,
			);
			name = Products;
			sourceTree = "<group>";
		};
		BAFB47032C88441A007B2DAE /* Merch8x8 */ = {
			isa = PBXGroup;
			children = (
				BAFB47042C88441A007B2DAE /* Merch8x8App.swift */,
				BAFB47122C884AF3007B2DAE /* Services */,
				BADA936B2C88BAE20091EA91 /* ViewModels */,
				BADA93662C88A8010091EA91 /* Models */,
				BADA937E2C88F0B80091EA91 /* Views */,
				BAFB47082C88441C007B2DAE /* Assets.xcassets */,
				BAFB470A2C88441C007B2DAE /* Preview Content */,
			);
			path = Merch8x8;
			sourceTree = "<group>";
		};
		BAFB470A2C88441C007B2DAE /* Preview Content */ = {
			isa = PBXGroup;
			children = (
				BAFB470B2C88441C007B2DAE /* Preview Assets.xcassets */,
			);
			path = "Preview Content";
			sourceTree = "<group>";
		};
		BAFB47122C884AF3007B2DAE /* Services */ = {
			isa = PBXGroup;
			children = (
				BADA93612C88A2860091EA91 /* DTOs */,
				BADA935E2C889C000091EA91 /* Extensions */,
				BAFB47132C884B1F007B2DAE /* ProductsService.swift */,
				BAFB47152C884EA4007B2DAE /* ProductsServiceError.swift */,
				BADA93642C88A7DD0091EA91 /* ProductsServiceDTOParser.swift */,
				BADA93732C88D2040091EA91 /* ProductsServiceProtocol.swift */,
			);
			path = Services;
			sourceTree = "<group>";
		};
		BAFB471D2C884F35007B2DAE /* Merch8x8UnitTests */ = {
			isa = PBXGroup;
			children = (
				BAFB472A2C885CC0007B2DAE /* Merch8x8UnitTests.xctestplan */,
				BAFB47262C884FEB007B2DAE /* Services */,
				BADA936E2C88C4360091EA91 /* ViewModels */,
				BAFB47272C885173007B2DAE /* Helpers */,
			);
			path = Merch8x8UnitTests;
			sourceTree = "<group>";
		};
		BAFB47262C884FEB007B2DAE /* Services */ = {
			isa = PBXGroup;
			children = (
				BADA93572C88720B0091EA91 /* Mocks */,
				BAFB471E2C884F35007B2DAE /* ProductsServiceUnitTests.swift */,
				BADA93692C88A8D70091EA91 /* ProductsServiceDTOParserUnitTests.swift */,
			);
			path = Services;
			sourceTree = "<group>";
		};
		BAFB47272C885173007B2DAE /* Helpers */ = {
			isa = PBXGroup;
			children = (
				BAFB47282C88518B007B2DAE /* XCTestCase+AssertError.swift */,
				BADA935C2C8884C00091EA91 /* XCTestCase+AssertAsyncError.swift */,
				BADA937C2C88EF660091EA91 /* PublisherValueCollector.swift */,
			);
			path = Helpers;
			sourceTree = "<group>";
		};
/* End PBXGroup section */

/* Begin PBXNativeTarget section */
		BAFB47002C88441A007B2DAE /* Merch8x8 */ = {
			isa = PBXNativeTarget;
			buildConfigurationList = BAFB470F2C88441C007B2DAE /* Build configuration list for PBXNativeTarget "Merch8x8" */;
			buildPhases = (
				BAFB46FD2C88441A007B2DAE /* Sources */,
				BAFB46FE2C88441A007B2DAE /* Frameworks */,
				BAFB46FF2C88441A007B2DAE /* Resources */,
			);
			buildRules = (
			);
			dependencies = (
			);
			name = Merch8x8;
			productName = Merch8x8;
			productReference = BAFB47012C88441A007B2DAE /* Merch8x8.app */;
			productType = "com.apple.product-type.application";
		};
		BAFB471B2C884F35007B2DAE /* Merch8x8UnitTests */ = {
			isa = PBXNativeTarget;
			buildConfigurationList = BAFB47222C884F35007B2DAE /* Build configuration list for PBXNativeTarget "Merch8x8UnitTests" */;
			buildPhases = (
				BAFB47182C884F35007B2DAE /* Sources */,
				BAFB47192C884F35007B2DAE /* Frameworks */,
				BAFB471A2C884F35007B2DAE /* Resources */,
			);
			buildRules = (
			);
			dependencies = (
				BAFB47212C884F35007B2DAE /* PBXTargetDependency */,
			);
			name = Merch8x8UnitTests;
			productName = Merch8x8UnitTests;
			productReference = BAFB471C2C884F35007B2DAE /* Merch8x8UnitTests.xctest */;
			productType = "com.apple.product-type.bundle.unit-test";
		};
/* End PBXNativeTarget section */

/* Begin PBXProject section */
		BAFB46F92C88441A007B2DAE /* Project object */ = {
			isa = PBXProject;
			attributes = {
				BuildIndependentTargetsInParallel = 1;
				LastSwiftUpdateCheck = 1540;
				LastUpgradeCheck = 1540;
				TargetAttributes = {
					BAFB47002C88441A007B2DAE = {
						CreatedOnToolsVersion = 15.4;
					};
					BAFB471B2C884F35007B2DAE = {
						CreatedOnToolsVersion = 15.4;
						TestTargetID = BAFB47002C88441A007B2DAE;
					};
				};
			};
			buildConfigurationList = BAFB46FC2C88441A007B2DAE /* Build configuration list for PBXProject "Merch8x8" */;
			compatibilityVersion = "Xcode 14.0";
			developmentRegion = en;
			hasScannedForEncodings = 0;
			knownRegions = (
				en,
				Base,
			);
			mainGroup = BAFB46F82C88441A007B2DAE;
			productRefGroup = BAFB47022C88441A007B2DAE /* Products */;
			projectDirPath = "";
			projectRoot = "";
			targets = (
				BAFB47002C88441A007B2DAE /* Merch8x8 */,
				BAFB471B2C884F35007B2DAE /* Merch8x8UnitTests */,
			);
		};
/* End PBXProject section */

/* Begin PBXResourcesBuildPhase section */
		BAFB46FF2C88441A007B2DAE /* Resources */ = {
			isa = PBXResourcesBuildPhase;
			buildActionMask = 2147483647;
			files = (
				BAFB470C2C88441C007B2DAE /* Preview Assets.xcassets in Resources */,
				BAFB47092C88441C007B2DAE /* Assets.xcassets in Resources */,
			);
			runOnlyForDeploymentPostprocessing = 0;
		};
		BAFB471A2C884F35007B2DAE /* Resources */ = {
			isa = PBXResourcesBuildPhase;
			buildActionMask = 2147483647;
			files = (
				BAFB472B2C885CC0007B2DAE /* Merch8x8UnitTests.xctestplan in Resources */,
			);
			runOnlyForDeploymentPostprocessing = 0;
		};
/* End PBXResourcesBuildPhase section */

/* Begin PBXSourcesBuildPhase section */
		BAFB46FD2C88441A007B2DAE /* Sources */ = {
			isa = PBXSourcesBuildPhase;
			buildActionMask = 2147483647;
			files = (
				BADA93802C88F0E00091EA91 /* ProductsListView.swift in Sources */,
				BAFB47162C884EA4007B2DAE /* ProductsServiceError.swift in Sources */,
				BADA93682C88A8110091EA91 /* Product.swift in Sources */,
				BAFB47072C88441A007B2DAE /* ContentView.swift in Sources */,
				BAFB47052C88441A007B2DAE /* Merch8x8App.swift in Sources */,
				BADA93632C88A2940091EA91 /* ProductDTO.swift in Sources */,
				BADA93742C88D2040091EA91 /* ProductsServiceProtocol.swift in Sources */,
				BADA936D2C88BB0A0091EA91 /* ProductsListViewModel.swift in Sources */,
				BADA93652C88A7DD0091EA91 /* ProductsServiceDTOParser.swift in Sources */,
				BADA93602C889C7D0091EA91 /* URLResponse+Validation.swift in Sources */,
				BAFB47142C884B1F007B2DAE /* ProductsService.swift in Sources */,
			);
			runOnlyForDeploymentPostprocessing = 0;
		};
		BAFB47182C884F35007B2DAE /* Sources */ = {
			isa = PBXSourcesBuildPhase;
			buildActionMask = 2147483647;
			files = (
				BADA93592C8872190091EA91 /* MockURLProtocol.swift in Sources */,
				BADA93702C88C4560091EA91 /* ProductsListViewModelUnitTests.swift in Sources */,
				BADA935D2C8884C00091EA91 /* XCTestCase+AssertAsyncError.swift in Sources */,
				BADA93772C88D3FF0091EA91 /* MockProductsService.swift in Sources */,
				BAFB471F2C884F35007B2DAE /* ProductsServiceUnitTests.swift in Sources */,
				BADA937B2C88EA510091EA91 /* ProductPresentationUnitTests.swift in Sources */,
				BADA937D2C88EF660091EA91 /* PublisherValueCollector.swift in Sources */,
				BAFB47292C88518B007B2DAE /* XCTestCase+AssertError.swift in Sources */,
				BADA936A2C88A8D70091EA91 /* ProductsServiceDTOParserUnitTests.swift in Sources */,
				BADA935B2C88795C0091EA91 /* URLSession+Mocked.swift in Sources */,
			);
			runOnlyForDeploymentPostprocessing = 0;
		};
/* End PBXSourcesBuildPhase section */

/* Begin PBXTargetDependency section */
		BAFB47212C884F35007B2DAE /* PBXTargetDependency */ = {
			isa = PBXTargetDependency;
			target = BAFB47002C88441A007B2DAE /* Merch8x8 */;
			targetProxy = BAFB47202C884F35007B2DAE /* PBXContainerItemProxy */;
		};
/* End PBXTargetDependency section */

/* Begin XCBuildConfiguration section */
		BAFB470D2C88441C007B2DAE /* Debug */ = {
			isa = XCBuildConfiguration;
			buildSettings = {
				ALWAYS_SEARCH_USER_PATHS = NO;
				ASSETCATALOG_COMPILER_GENERATE_SWIFT_ASSET_SYMBOL_EXTENSIONS = YES;
				CLANG_ANALYZER_NONNULL = YES;
				CLANG_ANALYZER_NUMBER_OBJECT_CONVERSION = YES_AGGRESSIVE;
				CLANG_CXX_LANGUAGE_STANDARD = "gnu++20";
				CLANG_ENABLE_MODULES = YES;
				CLANG_ENABLE_OBJC_ARC = YES;
				CLANG_ENABLE_OBJC_WEAK = YES;
				CLANG_WARN_BLOCK_CAPTURE_AUTORELEASING = YES;
				CLANG_WARN_BOOL_CONVERSION = YES;
				CLANG_WARN_COMMA = YES;
				CLANG_WARN_CONSTANT_CONVERSION = YES;
				CLANG_WARN_DEPRECATED_OBJC_IMPLEMENTATIONS = YES;
				CLANG_WARN_DIRECT_OBJC_ISA_USAGE = YES_ERROR;
				CLANG_WARN_DOCUMENTATION_COMMENTS = YES;
				CLANG_WARN_EMPTY_BODY = YES;
				CLANG_WARN_ENUM_CONVERSION = YES;
				CLANG_WARN_INFINITE_RECURSION = YES;
				CLANG_WARN_INT_CONVERSION = YES;
				CLANG_WARN_NON_LITERAL_NULL_CONVERSION = YES;
				CLANG_WARN_OBJC_IMPLICIT_RETAIN_SELF = YES;
				CLANG_WARN_OBJC_LITERAL_CONVERSION = YES;
				CLANG_WARN_OBJC_ROOT_CLASS = YES_ERROR;
				CLANG_WARN_QUOTED_INCLUDE_IN_FRAMEWORK_HEADER = YES;
				CLANG_WARN_RANGE_LOOP_ANALYSIS = YES;
				CLANG_WARN_STRICT_PROTOTYPES = YES;
				CLANG_WARN_SUSPICIOUS_MOVE = YES;
				CLANG_WARN_UNGUARDED_AVAILABILITY = YES_AGGRESSIVE;
				CLANG_WARN_UNREACHABLE_CODE = YES;
				CLANG_WARN__DUPLICATE_METHOD_MATCH = YES;
				COPY_PHASE_STRIP = NO;
				DEBUG_INFORMATION_FORMAT = dwarf;
				ENABLE_STRICT_OBJC_MSGSEND = YES;
				ENABLE_TESTABILITY = YES;
				ENABLE_USER_SCRIPT_SANDBOXING = YES;
				GCC_C_LANGUAGE_STANDARD = gnu17;
				GCC_DYNAMIC_NO_PIC = NO;
				GCC_NO_COMMON_BLOCKS = YES;
				GCC_OPTIMIZATION_LEVEL = 0;
				GCC_PREPROCESSOR_DEFINITIONS = (
					"DEBUG=1",
					"$(inherited)",
				);
				GCC_WARN_64_TO_32_BIT_CONVERSION = YES;
				GCC_WARN_ABOUT_RETURN_TYPE = YES_ERROR;
				GCC_WARN_UNDECLARED_SELECTOR = YES;
				GCC_WARN_UNINITIALIZED_AUTOS = YES_AGGRESSIVE;
				GCC_WARN_UNUSED_FUNCTION = YES;
				GCC_WARN_UNUSED_VARIABLE = YES;
				IPHONEOS_DEPLOYMENT_TARGET = 15.0;
				LOCALIZATION_PREFERS_STRING_CATALOGS = YES;
				MTL_ENABLE_DEBUG_INFO = INCLUDE_SOURCE;
				MTL_FAST_MATH = YES;
				ONLY_ACTIVE_ARCH = YES;
				SDKROOT = iphoneos;
				SWIFT_ACTIVE_COMPILATION_CONDITIONS = "DEBUG $(inherited)";
				SWIFT_OPTIMIZATION_LEVEL = "-Onone";
			};
			name = Debug;
		};
		BAFB470E2C88441C007B2DAE /* Release */ = {
			isa = XCBuildConfiguration;
			buildSettings = {
				ALWAYS_SEARCH_USER_PATHS = NO;
				ASSETCATALOG_COMPILER_GENERATE_SWIFT_ASSET_SYMBOL_EXTENSIONS = YES;
				CLANG_ANALYZER_NONNULL = YES;
				CLANG_ANALYZER_NUMBER_OBJECT_CONVERSION = YES_AGGRESSIVE;
				CLANG_CXX_LANGUAGE_STANDARD = "gnu++20";
				CLANG_ENABLE_MODULES = YES;
				CLANG_ENABLE_OBJC_ARC = YES;
				CLANG_ENABLE_OBJC_WEAK = YES;
				CLANG_WARN_BLOCK_CAPTURE_AUTORELEASING = YES;
				CLANG_WARN_BOOL_CONVERSION = YES;
				CLANG_WARN_COMMA = YES;
				CLANG_WARN_CONSTANT_CONVERSION = YES;
				CLANG_WARN_DEPRECATED_OBJC_IMPLEMENTATIONS = YES;
				CLANG_WARN_DIRECT_OBJC_ISA_USAGE = YES_ERROR;
				CLANG_WARN_DOCUMENTATION_COMMENTS = YES;
				CLANG_WARN_EMPTY_BODY = YES;
				CLANG_WARN_ENUM_CONVERSION = YES;
				CLANG_WARN_INFINITE_RECURSION = YES;
				CLANG_WARN_INT_CONVERSION = YES;
				CLANG_WARN_NON_LITERAL_NULL_CONVERSION = YES;
				CLANG_WARN_OBJC_IMPLICIT_RETAIN_SELF = YES;
				CLANG_WARN_OBJC_LITERAL_CONVERSION = YES;
				CLANG_WARN_OBJC_ROOT_CLASS = YES_ERROR;
				CLANG_WARN_QUOTED_INCLUDE_IN_FRAMEWORK_HEADER = YES;
				CLANG_WARN_RANGE_LOOP_ANALYSIS = YES;
				CLANG_WARN_STRICT_PROTOTYPES = YES;
				CLANG_WARN_SUSPICIOUS_MOVE = YES;
				CLANG_WARN_UNGUARDED_AVAILABILITY = YES_AGGRESSIVE;
				CLANG_WARN_UNREACHABLE_CODE = YES;
				CLANG_WARN__DUPLICATE_METHOD_MATCH = YES;
				COPY_PHASE_STRIP = NO;
				DEBUG_INFORMATION_FORMAT = "dwarf-with-dsym";
				ENABLE_NS_ASSERTIONS = NO;
				ENABLE_STRICT_OBJC_MSGSEND = YES;
				ENABLE_USER_SCRIPT_SANDBOXING = YES;
				GCC_C_LANGUAGE_STANDARD = gnu17;
				GCC_NO_COMMON_BLOCKS = YES;
				GCC_WARN_64_TO_32_BIT_CONVERSION = YES;
				GCC_WARN_ABOUT_RETURN_TYPE = YES_ERROR;
				GCC_WARN_UNDECLARED_SELECTOR = YES;
				GCC_WARN_UNINITIALIZED_AUTOS = YES_AGGRESSIVE;
				GCC_WARN_UNUSED_FUNCTION = YES;
				GCC_WARN_UNUSED_VARIABLE = YES;
				IPHONEOS_DEPLOYMENT_TARGET = 15.0;
				LOCALIZATION_PREFERS_STRING_CATALOGS = YES;
				MTL_ENABLE_DEBUG_INFO = NO;
				MTL_FAST_MATH = YES;
				SDKROOT = iphoneos;
				SWIFT_COMPILATION_MODE = wholemodule;
				VALIDATE_PRODUCT = YES;
			};
			name = Release;
		};
		BAFB47102C88441C007B2DAE /* Debug */ = {
			isa = XCBuildConfiguration;
			buildSettings = {
				ASSETCATALOG_COMPILER_APPICON_NAME = AppIcon;
				ASSETCATALOG_COMPILER_GLOBAL_ACCENT_COLOR_NAME = AccentColor;
				CODE_SIGN_STYLE = Automatic;
				CURRENT_PROJECT_VERSION = 1;
				DEVELOPMENT_ASSET_PATHS = "\"Merch8x8/Preview Content\"";
				DEVELOPMENT_TEAM = RP3BNR5P9U;
				ENABLE_PREVIEWS = YES;
				GENERATE_INFOPLIST_FILE = YES;
				INFOPLIST_KEY_UIApplicationSceneManifest_Generation = YES;
				INFOPLIST_KEY_UIApplicationSupportsIndirectInputEvents = YES;
				INFOPLIST_KEY_UILaunchScreen_Generation = YES;
				INFOPLIST_KEY_UISupportedInterfaceOrientations = UIInterfaceOrientationPortrait;
				INFOPLIST_KEY_UISupportedInterfaceOrientations_iPad = "UIInterfaceOrientationLandscapeLeft UIInterfaceOrientationLandscapeRight UIInterfaceOrientationPortrait UIInterfaceOrientationPortraitUpsideDown";
				LD_RUNPATH_SEARCH_PATHS = (
					"$(inherited)",
					"@executable_path/Frameworks",
				);
				MARKETING_VERSION = 1.0;
				PRODUCT_BUNDLE_IDENTIFIER = com.alexzaharia.Merch8x8;
				PRODUCT_NAME = "$(TARGET_NAME)";
				SUPPORTED_PLATFORMS = "iphoneos iphonesimulator";
				SUPPORTS_MACCATALYST = NO;
				SUPPORTS_MAC_DESIGNED_FOR_IPHONE_IPAD = NO;
				SUPPORTS_XR_DESIGNED_FOR_IPHONE_IPAD = NO;
				SWIFT_EMIT_LOC_STRINGS = YES;
				SWIFT_VERSION = 5.0;
				TARGETED_DEVICE_FAMILY = 1;
			};
			name = Debug;
		};
		BAFB47112C88441C007B2DAE /* Release */ = {
			isa = XCBuildConfiguration;
			buildSettings = {
				ASSETCATALOG_COMPILER_APPICON_NAME = AppIcon;
				ASSETCATALOG_COMPILER_GLOBAL_ACCENT_COLOR_NAME = AccentColor;
				CODE_SIGN_STYLE = Automatic;
				CURRENT_PROJECT_VERSION = 1;
				DEVELOPMENT_ASSET_PATHS = "\"Merch8x8/Preview Content\"";
				DEVELOPMENT_TEAM = RP3BNR5P9U;
				ENABLE_PREVIEWS = YES;
				GENERATE_INFOPLIST_FILE = YES;
				INFOPLIST_KEY_UIApplicationSceneManifest_Generation = YES;
				INFOPLIST_KEY_UIApplicationSupportsIndirectInputEvents = YES;
				INFOPLIST_KEY_UILaunchScreen_Generation = YES;
				INFOPLIST_KEY_UISupportedInterfaceOrientations = UIInterfaceOrientationPortrait;
				INFOPLIST_KEY_UISupportedInterfaceOrientations_iPad = "UIInterfaceOrientationLandscapeLeft UIInterfaceOrientationLandscapeRight UIInterfaceOrientationPortrait UIInterfaceOrientationPortraitUpsideDown";
				LD_RUNPATH_SEARCH_PATHS = (
					"$(inherited)",
					"@executable_path/Frameworks",
				);
				MARKETING_VERSION = 1.0;
				PRODUCT_BUNDLE_IDENTIFIER = com.alexzaharia.Merch8x8;
				PRODUCT_NAME = "$(TARGET_NAME)";
				SUPPORTED_PLATFORMS = "iphoneos iphonesimulator";
				SUPPORTS_MACCATALYST = NO;
				SUPPORTS_MAC_DESIGNED_FOR_IPHONE_IPAD = NO;
				SUPPORTS_XR_DESIGNED_FOR_IPHONE_IPAD = NO;
				SWIFT_EMIT_LOC_STRINGS = YES;
				SWIFT_VERSION = 5.0;
				TARGETED_DEVICE_FAMILY = 1;
			};
			name = Release;
		};
		BAFB47232C884F35007B2DAE /* Debug */ = {
			isa = XCBuildConfiguration;
			buildSettings = {
				BUNDLE_LOADER = "$(TEST_HOST)";
				CODE_SIGN_STYLE = Automatic;
				CURRENT_PROJECT_VERSION = 1;
				DEVELOPMENT_TEAM = RP3BNR5P9U;
				GENERATE_INFOPLIST_FILE = YES;
				IPHONEOS_DEPLOYMENT_TARGET = 15.0;
				MARKETING_VERSION = 1.0;
				PRODUCT_BUNDLE_IDENTIFIER = com.alexzaharia.Merch8x8UnitTests;
				PRODUCT_NAME = "$(TARGET_NAME)";
				SUPPORTED_PLATFORMS = "iphoneos iphonesimulator";
				SUPPORTS_MACCATALYST = NO;
				SUPPORTS_MAC_DESIGNED_FOR_IPHONE_IPAD = NO;
				SUPPORTS_XR_DESIGNED_FOR_IPHONE_IPAD = NO;
				SWIFT_EMIT_LOC_STRINGS = NO;
				SWIFT_VERSION = 5.0;
				TARGETED_DEVICE_FAMILY = 1;
				TEST_HOST = "$(BUILT_PRODUCTS_DIR)/Merch8x8.app/$(BUNDLE_EXECUTABLE_FOLDER_PATH)/Merch8x8";
			};
			name = Debug;
		};
		BAFB47242C884F35007B2DAE /* Release */ = {
			isa = XCBuildConfiguration;
			buildSettings = {
				BUNDLE_LOADER = "$(TEST_HOST)";
				CODE_SIGN_STYLE = Automatic;
				CURRENT_PROJECT_VERSION = 1;
				DEVELOPMENT_TEAM = RP3BNR5P9U;
				GENERATE_INFOPLIST_FILE = YES;
				IPHONEOS_DEPLOYMENT_TARGET = 15.0;
				MARKETING_VERSION = 1.0;
				PRODUCT_BUNDLE_IDENTIFIER = com.alexzaharia.Merch8x8UnitTests;
				PRODUCT_NAME = "$(TARGET_NAME)";
				SUPPORTED_PLATFORMS = "iphoneos iphonesimulator";
				SUPPORTS_MACCATALYST = NO;
				SUPPORTS_MAC_DESIGNED_FOR_IPHONE_IPAD = NO;
				SUPPORTS_XR_DESIGNED_FOR_IPHONE_IPAD = NO;
				SWIFT_EMIT_LOC_STRINGS = NO;
				SWIFT_VERSION = 5.0;
				TARGETED_DEVICE_FAMILY = 1;
				TEST_HOST = "$(BUILT_PRODUCTS_DIR)/Merch8x8.app/$(BUNDLE_EXECUTABLE_FOLDER_PATH)/Merch8x8";
			};
			name = Release;
		};
/* End XCBuildConfiguration section */

/* Begin XCConfigurationList section */
		BAFB46FC2C88441A007B2DAE /* Build configuration list for PBXProject "Merch8x8" */ = {
			isa = XCConfigurationList;
			buildConfigurations = (
				BAFB470D2C88441C007B2DAE /* Debug */,
				BAFB470E2C88441C007B2DAE /* Release */,
			);
			defaultConfigurationIsVisible = 0;
			defaultConfigurationName = Release;
		};
		BAFB470F2C88441C007B2DAE /* Build configuration list for PBXNativeTarget "Merch8x8" */ = {
			isa = XCConfigurationList;
			buildConfigurations = (
				BAFB47102C88441C007B2DAE /* Debug */,
				BAFB47112C88441C007B2DAE /* Release */,
			);
			defaultConfigurationIsVisible = 0;
			defaultConfigurationName = Release;
		};
		BAFB47222C884F35007B2DAE /* Build configuration list for PBXNativeTarget "Merch8x8UnitTests" */ = {
			isa = XCConfigurationList;
			buildConfigurations = (
				BAFB47232C884F35007B2DAE /* Debug */,
				BAFB47242C884F35007B2DAE /* Release */,
			);
			defaultConfigurationIsVisible = 0;
			defaultConfigurationName = Release;
		};
/* End XCConfigurationList section */
	};
	rootObject = BAFB46F92C88441A007B2DAE /* Project object */;
}
